// !$*UTF8*$!
{
	archiveVersion = 1;
	classes = {
	};
	objectVersion = 46;
	objects = {

/* Begin PBXBuildFile section */
		31A099051E78D7FD0048E5E1 /* FactProvider.swift in Sources */ = {isa = PBXBuildFile; fileRef = 31A099041E78D7FD0048E5E1 /* FactProvider.swift */; };
		31DF2A5A1E70F0080044015A /* AppDelegate.swift in Sources */ = {isa = PBXBuildFile; fileRef = 31DF2A591E70F0080044015A /* AppDelegate.swift */; };
		31DF2A5C1E70F0080044015A /* ViewController.swift in Sources */ = {isa = PBXBuildFile; fileRef = 31DF2A5B1E70F0080044015A /* ViewController.swift */; };
		31DF2A5F1E70F0080044015A /* Main.storyboard in Resources */ = {isa = PBXBuildFile; fileRef = 31DF2A5D1E70F0080044015A /* Main.storyboard */; };
		31DF2A611E70F0080044015A /* Assets.xcassets in Resources */ = {isa = PBXBuildFile; fileRef = 31DF2A601E70F0080044015A /* Assets.xcassets */; };
		31DF2A641E70F0080044015A /* LaunchScreen.storyboard in Resources */ = {isa = PBXBuildFile; fileRef = 31DF2A621E70F0080044015A /* LaunchScreen.storyboard */; };
		31E1F2F31E7B7F1100130836 /* BackgroundColorProvider.swift in Sources */ = {isa = PBXBuildFile; fileRef = 31E1F2F21E7B7F1100130836 /* BackgroundColorProvider.swift */; };
/* End PBXBuildFile section */

/* Begin PBXFileReference section */
		31A099041E78D7FD0048E5E1 /* FactProvider.swift */ = {isa = PBXFileReference; fileEncoding = 4; lastKnownFileType = sourcecode.swift; path = FactProvider.swift; sourceTree = "<group>"; };
		31DF2A561E70F0080044015A /* FunFacts.app */ = {isa = PBXFileReference; explicitFileType = wrapper.application; includeInIndex = 0; path = FunFacts.app; sourceTree = BUILT_PRODUCTS_DIR; };
		31DF2A591E70F0080044015A /* AppDelegate.swift */ = {isa = PBXFileReference; lastKnownFileType = sourcecode.swift; path = AppDelegate.swift; sourceTree = "<group>"; };
		31DF2A5B1E70F0080044015A /* ViewController.swift */ = {isa = PBXFileReference; lastKnownFileType = sourcecode.swift; path = ViewController.swift; sourceTree = "<group>"; };
		31DF2A5E1E70F0080044015A /* Base */ = {isa = PBXFileReference; lastKnownFileType = file.storyboard; name = Base; path = Base.lproj/Main.storyboard; sourceTree = "<group>"; };
		31DF2A601E70F0080044015A /* Assets.xcassets */ = {isa = PBXFileReference; lastKnownFileType = folder.assetcatalog; path = Assets.xcassets; sourceTree = "<group>"; };
		31DF2A631E70F0080044015A /* Base */ = {isa = PBXFileReference; lastKnownFileType = file.storyboard; name = Base; path = Base.lproj/LaunchScreen.storyboard; sourceTree = "<group>"; };
		31DF2A651E70F0080044015A /* Info.plist */ = {isa = PBXFileReference; lastKnownFileType = text.plist.xml; path = Info.plist; sourceTree = "<group>"; };
		31E1F2F21E7B7F1100130836 /* BackgroundColorProvider.swift */ = {isa = PBXFileReference; fileEncoding = 4; lastKnownFileType = sourcecode.swift; path = BackgroundColorProvider.swift; sourceTree = "<group>"; };
/* End PBXFileReference section */

/* Begin PBXFrameworksBuildPhase section */
		31DF2A531E70F0070044015A /* Frameworks */ = {
			isa = PBXFrameworksBuildPhase;
			buildActionMask = 2147483647;
			files = (
			);
			runOnlyForDeploymentPostprocessing = 0;
		};
/* End PBXFrameworksBuildPhase section */

/* Begin PBXGroup section */
		31DF2A4D1E70F0070044015A = {
			isa = PBXGroup;
			children = (
				31DF2A581E70F0080044015A /* FunFacts */,
				31DF2A571E70F0080044015A /* Products */,
			);
			sourceTree = "<group>";
		};
		31DF2A571E70F0080044015A /* Products */ = {
			isa = PBXGroup;
			children = (
				31DF2A561E70F0080044015A /* FunFacts.app */,
			);
			name = Products;
			sourceTree = "<group>";
		};
		31DF2A581E70F0080044015A /* FunFacts */ = {
			isa = PBXGroup;
			children = (
				31DF2A591E70F0080044015A /* AppDelegate.swift */,
				31DF2A5B1E70F0080044015A /* ViewController.swift */,
				31DF2A5D1E70F0080044015A /* Main.storyboard */,
				31DF2A601E70F0080044015A /* Assets.xcassets */,
				31DF2A621E70F0080044015A /* LaunchScreen.storyboard */,
				31DF2A651E70F0080044015A /* Info.plist */,
				31A099041E78D7FD0048E5E1 /* FactProvider.swift */,
				31E1F2F21E7B7F1100130836 /* BackgroundColorProvider.swift */,
			);
			path = FunFacts;
			sourceTree = "<group>";
		};
/* End PBXGroup section */

/* Begin PBXNativeTarget section */
		31DF2A551E70F0070044015A /* FunFacts */ = {
			isa = PBXNativeTarget;
			buildConfigurationList = 31DF2A681E70F0080044015A /* Build configuration list for PBXNativeTarget "FunFacts" */;
			buildPhases = (
				31DF2A521E70F0070044015A /* Sources */,
				31DF2A531E70F0070044015A /* Frameworks */,
				31DF2A541E70F0070044015A /* Resources */,
			);
			buildRules = (
			);
			dependencies = (
			);
			name = FunFacts;
			productName = FunFacts;
			productReference = 31DF2A561E70F0080044015A /* FunFacts.app */;
			productType = "com.apple.product-type.application";
		};
/* End PBXNativeTarget section */

/* Begin PBXProject section */
		31DF2A4E1E70F0070044015A /* Project object */ = {
			isa = PBXProject;
			attributes = {
				LastSwiftUpdateCheck = 0800;
				LastUpgradeCheck = 0820;
				ORGANIZATIONNAME = mlgrier;
				TargetAttributes = {
					31DF2A551E70F0070044015A = {
						CreatedOnToolsVersion = 8.0;
						DevelopmentTeam = SJFS67T543;
						ProvisioningStyle = Automatic;
					};
				};
			};
			buildConfigurationList = 31DF2A511E70F0070044015A /* Build configuration list for PBXProject "FunFacts" */;
			compatibilityVersion = "Xcode 3.2";
			developmentRegion = English;
			hasScannedForEncodings = 0;
			knownRegions = (
				en,
				Base,
			);
			mainGroup = 31DF2A4D1E70F0070044015A;
			productRefGroup = 31DF2A571E70F0080044015A /* Products */;
			projectDirPath = "";
			projectRoot = "";
			targets = (
				31DF2A551E70F0070044015A /* FunFacts */,
			);
		};
/* End PBXProject section */

/* Begin PBXResourcesBuildPhase section */
		31DF2A541E70F0070044015A /* Resources */ = {
			isa = PBXResourcesBuildPhase;
			buildActionMask = 2147483647;
			files = (
				31DF2A641E70F0080044015A /* LaunchScreen.storyboard in Resources */,
				31DF2A611E70F0080044015A /* Assets.xcassets in Resources */,
				31DF2A5F1E70F0080044015A /* Main.storyboard in Resources */,
			);
			runOnlyForDeploymentPostprocessing = 0;
		};
/* End PBXResourcesBuildPhase section */

/* Begin PBXSourcesBuildPhase section */
		31DF2A521E70F0070044015A /* Sources */ = {
			isa = PBXSourcesBuildPhase;
			buildActionMask = 2147483647;
			files = (
				31DF2A5C1E70F0080044015A /* ViewController.swift in Sources */,
				31DF2A5A1E70F0080044015A /* AppDelegate.swift in Sources */,
				31E1F2F31E7B7F1100130836 /* BackgroundColorProvider.swift in Sources */,
				31A099051E78D7FD0048E5E1 /* FactProvider.swift in Sources */,
			);
			runOnlyForDeploymentPostprocessing = 0;
		};
/* End PBXSourcesBuildPhase section */

/* Begin PBXVariantGroup section */
		31DF2A5D1E70F0080044015A /* Main.storyboard */ = {
			isa = PBXVariantGroup;
			children = (
				31DF2A5E1E70F0080044015A /* Base */,
			);
			name = Main.storyboard;
			sourceTree = "<group>";
		};
		31DF2A621E70F0080044015A /* LaunchScreen.storyboard */ = {
			isa = PBXVariantGroup;
			children = (
				31DF2A631E70F0080044015A /* Base */,
			);
			name = LaunchScreen.storyboard;
			sourceTree = "<group>";
		};
/* End PBXVariantGroup section */

/* Begin XCBuildConfiguration section */
		31DF2A661E70F0080044015A /* Debug */ = {
			isa = XCBuildConfiguration;
			buildSettings = {
				ALWAYS_SEARCH_USER_PATHS = NO;
				CLANG_ANALYZER_NONNULL = YES;
				CLANG_CXX_LANGUAGE_STANDARD = "gnu++0x";
				CLANG_CXX_LIBRARY = "libc++";
				CLANG_ENABLE_MODULES = YES;
				CLANG_ENABLE_OBJC_ARC = YES;
				CLANG_WARN_BOOL_CONVERSION = YES;
				CLANG_WARN_CONSTANT_CONVERSION = YES;
				CLANG_WARN_DIRECT_OBJC_ISA_USAGE = YES_ERROR;
				CLANG_WARN_DOCUMENTATION_COMMENTS = YES;
				CLANG_WARN_EMPTY_BODY = YES;
				CLANG_WARN_ENUM_CONVERSION = YES;
				CLANG_WARN_INFINITE_RECURSION = YES;
				CLANG_WARN_INT_CONVERSION = YES;
				CLANG_WARN_OBJC_ROOT_CLASS = YES_ERROR;
				CLANG_WARN_SUSPICIOUS_MOVE = YES;
				CLANG_WARN_SUSPICIOUS_MOVES = YES;
				CLANG_WARN_UNREACHABLE_CODE = YES;
				CLANG_WARN__DUPLICATE_METHOD_MATCH = YES;
				"CODE_SIGN_IDENTITY[sdk=iphoneos*]" = "iPhone Developer";
				COPY_PHASE_STRIP = NO;
				DEBUG_INFORMATION_FORMAT = dwarf;
				ENABLE_STRICT_OBJC_MSGSEND = YES;
				ENABLE_TESTABILITY = YES;
				GCC_C_LANGUAGE_STANDARD = gnu99;
				GCC_DYNAMIC_NO_PIC = NO;
				GCC_NO_COMMON_BLOCKS = YES;
				GCC_OPTIMIZATION_LEVEL = 0;
				GCC_PREPROCESSOR_DEFINITIONS = (
					"DEBUG=1",
					"$(inherited)",
				);
				GCC_WARN_64_TO_32_BIT_CONVERSION = YES;
				GCC_WARN_ABOUT_RETURN_TYPE = YES_ERROR;
				GCC_WARN_UNDECLARED_SELECTOR = YES;
				GCC_WARN_UNINITIALIZED_AUTOS = YES_AGGRESSIVE;
				GCC_WARN_UNUSED_FUNCTION = YES;
				GCC_WARN_UNUSED_VARIABLE = YES;
				IPHONEOS_DEPLOYMENT_TARGET = 10.0;
				MTL_ENABLE_DEBUG_INFO = YES;
				ONLY_ACTIVE_ARCH = YES;
				SDKROOT = iphoneos;
				SWIFT_ACTIVE_COMPILATION_CONDITIONS = DEBUG;
				SWIFT_OPTIMIZATION_LEVEL = "-Onone";
			};
			name = Debug;
		};
		31DF2A671E70F0080044015A /* Release */ = {
			isa = XCBuildConfiguration;
			buildSettings = {
				ALWAYS_SEARCH_USER_PATHS = NO;
				CLANG_ANALYZER_NONNULL = YES;
				CLANG_CXX_LANGUAGE_STANDARD = "gnu++0x";
				CLANG_CXX_LIBRARY = "libc++";
				CLANG_ENABLE_MODULES = YES;
				CLANG_ENABLE_OBJC_ARC = YES;
				CLANG_WARN_BOOL_CONVERSION = YES;
				CLANG_WARN_CONSTANT_CONVERSION = YES;
				CLANG_WARN_DIRECT_OBJC_ISA_USAGE = YES_ERROR;
				CLANG_WARN_DOCUMENTATION_COMMENTS = YES;
				CLANG_WARN_EMPTY_BODY = YES;
				CLANG_WARN_ENUM_CONVERSION = YES;
				CLANG_WARN_INFINITE_RECURSION = YES;
				CLANG_WARN_INT_CONVERSION = YES;
				CLANG_WARN_OBJC_ROOT_CLASS = YES_ERROR;
				CLANG_WARN_SUSPICIOUS_MOVE = YES;
				CLANG_WARN_SUSPICIOUS_MOVES = YES;
				CLANG_WARN_UNREACHABLE_CODE = YES;
				CLANG_WARN__DUPLICATE_METHOD_MATCH = YES;
				"CODE_SIGN_IDENTITY[sdk=iphoneos*]" = "iPhone Developer";
				COPY_PHASE_STRIP = NO;
				DEBUG_INFORMATION_FORMAT = "dwarf-with-dsym";
				ENABLE_NS_ASSERTIONS = NO;
				ENABLE_STRICT_OBJC_MSGSEND = YES;
				GCC_C_LANGUAGE_STANDARD = gnu99;
				GCC_NO_COMMON_BLOCKS = YES;
				GCC_WARN_64_TO_32_BIT_CONVERSION = YES;
				GCC_WARN_ABOUT_RETURN_TYPE = YES_ERROR;
				GCC_WARN_UNDECLARED_SELECTOR = YES;
				GCC_WARN_UNINITIALIZED_AUTOS = YES_AGGRESSIVE;
				GCC_WARN_UNUSED_FUNCTION = YES;
				GCC_WARN_UNUSED_VARIABLE = YES;
				IPHONEOS_DEPLOYMENT_TARGET = 10.0;
				MTL_ENABLE_DEBUG_INFO = NO;
				SDKROOT = iphoneos;
				SWIFT_OPTIMIZATION_LEVEL = "-Owholemodule";
				VALIDATE_PRODUCT = YES;
			};
			name = Release;
		};
		31DF2A691E70F0080044015A /* Debug */ = {
			isa = XCBuildConfiguration;
			buildSettings = {
				ASSETCATALOG_COMPILER_APPICON_NAME = AppIcon;
				DEVELOPMENT_TEAM = SJFS67T543;
				INFOPLIST_FILE = FunFacts/Info.plist;
				LD_RUNPATH_SEARCH_PATHS = "$(inherited) @executable_path/Frameworks";
				PRODUCT_BUNDLE_IDENTIFIER = com.mlgrier.FunFacts;
				PRODUCT_NAME = "$(TARGET_NAME)";
				SWIFT_VERSION = 3.0;
			};
			name = Debug;
		};
		31DF2A6A1E70F0080044015A /* Release */ = {
			isa = XCBuildConfiguration;
			buildSettings = {
				ASSETCATALOG_COMPILER_APPICON_NAME = AppIcon;
				DEVELOPMENT_TEAM = SJFS67T543;
				INFOPLIST_FILE = FunFacts/Info.plist;
				LD_RUNPATH_SEARCH_PATHS = "$(inherited) @executable_path/Frameworks";
				PRODUCT_BUNDLE_IDENTIFIER = com.mlgrier.FunFacts;
				PRODUCT_NAME = "$(TARGET_NAME)";
				SWIFT_VERSION = 3.0;
			};
			name = Release;
		};
/* End XCBuildConfiguration section */

/* Begin XCConfigurationList section */
		31DF2A511E70F0070044015A /* Build configuration list for PBXProject "FunFacts" */ = {
			isa = XCConfigurationList;
			buildConfigurations = (
				31DF2A661E70F0080044015A /* Debug */,
				31DF2A671E70F0080044015A /* Release */,
			);
			defaultConfigurationIsVisible = 0;
			defaultConfigurationName = Release;
		};
		31DF2A681E70F0080044015A /* Build configuration list for PBXNativeTarget "FunFacts" */ = {
			isa = XCConfigurationList;
			buildConfigurations = (
				31DF2A691E70F0080044015A /* Debug */,
				31DF2A6A1E70F0080044015A /* Release */,
			);
			defaultConfigurationIsVisible = 0;
			defaultConfigurationName = Release;
		};
/* End XCConfigurationList section */
	};
	rootObject = 31DF2A4E1E70F0070044015A /* Project object */;
}
